resolved_at: 2026-03-13T14:21:06.185Z
project_slug: eden
packs:
  - id: eden
    source: ./
    ref: 517109ea81e6a1aaa22d598019c6fda5cdfe012d
    pack_version: 1
effective:
  agents_count: 14
  teams_count: 1
  routes_count: 1
  profiles_count: 3
  agents_hash: 0ed92efc
  teams_hash: 32e0a8af
  chat_hash: 09f8d663
