resolved_at: 2026-03-11T14:32:15.878Z
project_slug: pmbot
packs:
  - id: pm-expert-panel
    source: ./
    ref: cedc5691ed593048e4d0caf1b3439e3f37662807
    pack_version: 1
effective:
  agents_count: 8
  teams_count: 1
  routes_count: 1
  profiles_count: 3
  agents_hash: 3d2dd2d2
  teams_hash: 32e0a8af
  chat_hash: 09f8d663
