resolved_at: 2026-06-05T08:26:21.132Z
project_slug: eden
packs:
  - id: eden
    source: ./
    ref: 08c5c3d34a862e95893c69fcd58bf9bda8ef40da
    pack_version: 1
effective:
  agents_count: 16
  teams_count: 1
  routes_count: 2
  profiles_count: 5
  agents_hash: 2f028f6a
  teams_hash: 32e0a8af
  chat_hash: 6cbc3b5f
